
Microsoft Visual Studio Solution File, Format Version 12.00
# Visual Studio Version 17
VisualStudioVersion = 17.9.34723.18
MinimumVisualStudioVersion = 10.0.40219.1
Project("{FAE04EC0-301F-11D3-BF4B-00C04F79EFBC}") = "DelegateDemos", "DelegateDemos\DelegateDemos.csproj", "{A64F083D-1701-4E86-8463-165DBDE97558}"
EndProject
Project("{FAE04EC0-301F-11D3-BF4B-00C04F79EFBC}") = "OtherFeatures", "OtherFeatures\OtherFeatures.csproj", "{2CC527D0-1C52-481B-9E87-835AE5ABC0EE}"
EndProject
Project("{FAE04EC0-301F-11D3-BF4B-00C04F79EFBC}") = "IODemos", "IODemos\IODemos.csproj", "{94CBDBB6-F48C-44C9-9094-A0AA034A60E9}"
EndProject
Project("{FAE04EC0-301F-11D3-BF4B-00C04F79EFBC}") = "SerializationDemo", "SerializationDemo\SerializationDemo.csproj", "{DB3C96C9-0636-41BC-A9F9-F98EC26A09FE}"
EndProject
Project("{FAE04EC0-301F-11D3-BF4B-00C04F79EFBC}") = "CollectionDemo", "CollectionDemo\CollectionDemo.csproj", "{C9662E81-DD16-4F1B-B058-39AC5AADB713}"
EndProject
Global
	GlobalSection(SolutionConfigurationPlatforms) = preSolution
		Debug|Any CPU = Debug|Any CPU
		Release|Any CPU = Release|Any CPU
	EndGlobalSection
	GlobalSection(ProjectConfigurationPlatforms) = postSolution
		{A64F083D-1701-4E86-8463-165DBDE97558}.Debug|Any CPU.ActiveCfg = Debug|Any CPU
		{A64F083D-1701-4E86-8463-165DBDE97558}.Debug|Any CPU.Build.0 = Debug|Any CPU
		{A64F083D-1701-4E86-8463-165DBDE97558}.Release|Any CPU.ActiveCfg = Release|Any CPU
		{A64F083D-1701-4E86-8463-165DBDE97558}.Release|Any CPU.Build.0 = Release|Any CPU
		{2CC527D0-1C52-481B-9E87-835AE5ABC0EE}.Debug|Any CPU.ActiveCfg = Debug|Any CPU
		{2CC527D0-1C52-481B-9E87-835AE5ABC0EE}.Debug|Any CPU.Build.0 = Debug|Any CPU
		{2CC527D0-1C52-481B-9E87-835AE5ABC0EE}.Release|Any CPU.ActiveCfg = Release|Any CPU
		{2CC527D0-1C52-481B-9E87-835AE5ABC0EE}.Release|Any CPU.Build.0 = Release|Any CPU
		{94CBDBB6-F48C-44C9-9094-A0AA034A60E9}.Debug|Any CPU.ActiveCfg = Debug|Any CPU
		{94CBDBB6-F48C-44C9-9094-A0AA034A60E9}.Debug|Any CPU.Build.0 = Debug|Any CPU
		{94CBDBB6-F48C-44C9-9094-A0AA034A60E9}.Release|Any CPU.ActiveCfg = Release|Any CPU
		{94CBDBB6-F48C-44C9-9094-A0AA034A60E9}.Release|Any CPU.Build.0 = Release|Any CPU
		{DB3C96C9-0636-41BC-A9F9-F98EC26A09FE}.Debug|Any CPU.ActiveCfg = Debug|Any CPU
		{DB3C96C9-0636-41BC-A9F9-F98EC26A09FE}.Debug|Any CPU.Build.0 = Debug|Any CPU
		{DB3C96C9-0636-41BC-A9F9-F98EC26A09FE}.Release|Any CPU.ActiveCfg = Release|Any CPU
		{DB3C96C9-0636-41BC-A9F9-F98EC26A09FE}.Release|Any CPU.Build.0 = Release|Any CPU
		{C9662E81-DD16-4F1B-B058-39AC5AADB713}.Debug|Any CPU.ActiveCfg = Debug|Any CPU
		{C9662E81-DD16-4F1B-B058-39AC5AADB713}.Debug|Any CPU.Build.0 = Debug|Any CPU
		{C9662E81-DD16-4F1B-B058-39AC5AADB713}.Release|Any CPU.ActiveCfg = Release|Any CPU
		{C9662E81-DD16-4F1B-B058-39AC5AADB713}.Release|Any CPU.Build.0 = Release|Any CPU
	EndGlobalSection
	GlobalSection(SolutionProperties) = preSolution
		HideSolutionNode = FALSE
	EndGlobalSection
	GlobalSection(ExtensibilityGlobals) = postSolution
		SolutionGuid = {0CD5DD47-6740-44A7-8828-BA834A966039}
	EndGlobalSection
EndGlobal
